
Microsoft Visual Studio Solution File, Format Version 12.00
# Visual Studio Version 16
VisualStudioVersion = 16.0.29709.97
MinimumVisualStudioVersion = 10.0.40219.1
Project("{FAE04EC0-301F-11D3-BF4B-00C04F79EFBC}") = "testApp", "testApp.csproj", "{301DBAC5-E098-48CB-8CF4-ED9D0FE199BD}"
EndProject
Global
	GlobalSection(SolutionConfigurationPlatforms) = preSolution
		Debug|Any CPU = Debug|Any CPU
		Release|Any CPU = Release|Any CPU
	EndGlobalSection
	GlobalSection(ProjectConfigurationPlatforms) = postSolution
		{301DBAC5-E098-48CB-8CF4-ED9D0FE199BD}.Debug|Any CPU.ActiveCfg = Debug|Any CPU
		{301DBAC5-E098-48CB-8CF4-ED9D0FE199BD}.Debug|Any CPU.Build.0 = Debug|Any CPU
		{301DBAC5-E098-48CB-8CF4-ED9D0FE199BD}.Release|Any CPU.ActiveCfg = Release|Any CPU
		{301DBAC5-E098-48CB-8CF4-ED9D0FE199BD}.Release|Any CPU.Build.0 = Release|Any CPU
	EndGlobalSection
	GlobalSection(SolutionProperties) = preSolution
		HideSolutionNode = FALSE
	EndGlobalSection
	GlobalSection(ExtensibilityGlobals) = postSolution
		SolutionGuid = {AC7AC8A4-F45D-466F-A18C-8812E6F2FEFD}
	EndGlobalSection
EndGlobal
